
Microsoft Visual Studio Solution File, Format Version 12.00
# Visual Studio Version 16
VisualStudioVersion = 16.0.29709.97
MinimumVisualStudioVersion = 10.0.40219.1
Project("{8BC9CEB8-8B4A-11D0-8D11-00A0C91BC942}") = "logger", "logger\logger.vcxproj", "{139955B5-009F-4531-B028-B5A1CB7EF414}"
EndProject
Global
	GlobalSection(SolutionConfigurationPlatforms) = preSolution
		Debug|x64 = Debug|x64
		Debug|x86 = Debug|x86
		Release|x64 = Release|x64
		Release|x86 = Release|x86
	EndGlobalSection
	GlobalSection(ProjectConfigurationPlatforms) = postSolution
		{139955B5-009F-4531-B028-B5A1CB7EF414}.Debug|x64.ActiveCfg = Debug|x64
		{139955B5-009F-4531-B028-B5A1CB7EF414}.Debug|x64.Build.0 = Debug|x64
		{139955B5-009F-4531-B028-B5A1CB7EF414}.Debug|x86.ActiveCfg = Debug|Win32
		{139955B5-009F-4531-B028-B5A1CB7EF414}.Debug|x86.Build.0 = Debug|Win32
		{139955B5-009F-4531-B028-B5A1CB7EF414}.Release|x64.ActiveCfg = Release|x64
		{139955B5-009F-4531-B028-B5A1CB7EF414}.Release|x64.Build.0 = Release|x64
		{139955B5-009F-4531-B028-B5A1CB7EF414}.Release|x86.ActiveCfg = Release|Win32
		{139955B5-009F-4531-B028-B5A1CB7EF414}.Release|x86.Build.0 = Release|Win32
	EndGlobalSection
	GlobalSection(SolutionProperties) = preSolution
		HideSolutionNode = FALSE
	EndGlobalSection
	GlobalSection(ExtensibilityGlobals) = postSolution
		SolutionGuid = {1BAE3901-FF64-421B-98CD-5EF28C0BD18B}
	EndGlobalSection
EndGlobal
